github.com/BurntSushi/toml v1.6.0 h1:dRaEfpa2VI55EwlIW72hMRHdWouJeRF7TPYhI+AUQjk=
github.com/BurntSushi/toml v1.6.0/go.mod h1:ukJfTF/6rtPPRCnwkur4qwRxa8vTRFBF0uk2lLoLwho=
libvirt.org/go/libvirt v1.12003.0 h1:3ek4ObakscdShZRloa9s8/mGhK7xVduqNmAkb15ZEDQ=
libvirt.org/go/libvirt v1.12003.0/go.mod h1:1WiFE8EjZfq+FCVog+rvr1yatKbKZ9FaFMZgEqxEJqQ=
